
Microsoft Visual Studio Solution File, Format Version 12.00
# Visual Studio Version 16
VisualStudioVersion = 16.0.31613.86
MinimumVisualStudioVersion = 10.0.40219.1
Project("{FAE04EC0-301F-11D3-BF4B-00C04F79EFBC}") = "MathSquareOfSumLib", "MathSquareOfSumLib\MathSquareOfSumLib.csproj", "{EB5DACF9-0136-4540-B004-6EA9EB5104FB}"
EndProject
Global
	GlobalSection(SolutionConfigurationPlatforms) = preSolution
		Debug|Any CPU = Debug|Any CPU
		Debug|x86 = Debug|x86
		Release|Any CPU = Release|Any CPU
		Release|x86 = Release|x86
	EndGlobalSection
	GlobalSection(ProjectConfigurationPlatforms) = postSolution
		{EB5DACF9-0136-4540-B004-6EA9EB5104FB}.Debug|Any CPU.ActiveCfg = Debug|Any CPU
		{EB5DACF9-0136-4540-B004-6EA9EB5104FB}.Debug|Any CPU.Build.0 = Debug|Any CPU
		{EB5DACF9-0136-4540-B004-6EA9EB5104FB}.Debug|x86.ActiveCfg = Debug|Any CPU
		{EB5DACF9-0136-4540-B004-6EA9EB5104FB}.Debug|x86.Build.0 = Debug|Any CPU
		{EB5DACF9-0136-4540-B004-6EA9EB5104FB}.Release|Any CPU.ActiveCfg = Release|Any CPU
		{EB5DACF9-0136-4540-B004-6EA9EB5104FB}.Release|Any CPU.Build.0 = Release|Any CPU
		{EB5DACF9-0136-4540-B004-6EA9EB5104FB}.Release|x86.ActiveCfg = Release|Any CPU
		{EB5DACF9-0136-4540-B004-6EA9EB5104FB}.Release|x86.Build.0 = Release|Any CPU
	EndGlobalSection
	GlobalSection(SolutionProperties) = preSolution
		HideSolutionNode = FALSE
	EndGlobalSection
	GlobalSection(ExtensibilityGlobals) = postSolution
		SolutionGuid = {3F0CCDB1-BD26-4CF1-961F-AA61135439EB}
	EndGlobalSection
EndGlobal
